
Microsoft Visual Studio Solution File, Format Version 12.00
# Visual Studio 14
VisualStudioVersion = 14.0.23107.0
MinimumVisualStudioVersion = 10.0.40219.1
Project("{FAE04EC0-301F-11D3-BF4B-00C04F79EFBC}") = "SOATester", "SOATester.csproj", "{0C6D8C3D-E19E-42E0-AEFA-82B483D0C8B2}"
EndProject
Project("{2150E333-8FDC-42A3-9474-1A3956D46DE8}") = "Modules", "Modules", "{61274840-3A28-4F0F-855E-FB1E387E9FE9}"
EndProject
Project("{FAE04EC0-301F-11D3-BF4B-00C04F79EFBC}") = "SOATester.Modules.ProjectsListModule", "..\SOATester.Modules.ProjectsListModule\SOATester.Modules.ProjectsListModule.csproj", "{DD231416-2B3F-4DD0-94E5-058D2AF1FBE8}"
EndProject
Project("{FAE04EC0-301F-11D3-BF4B-00C04F79EFBC}") = "SOATester.Modules.MainMenuModule", "..\SOATester.Modules.MainMenuModule\SOATester.Modules.MainMenuModule.csproj", "{F24D5157-7161-467F-A1AE-0DB461B22AAD}"
EndProject
Project("{2150E333-8FDC-42A3-9474-1A3956D46DE8}") = "Solution Items", "Solution Items", "{9995757C-ADD2-46A0-844B-1D075A2325EC}"
	ProjectSection(SolutionItems) = preProject
		TODOS.txt = TODOS.txt
	EndProjectSection
EndProject
Project("{FAE04EC0-301F-11D3-BF4B-00C04F79EFBC}") = "SOATester.Modules.ContentModule", "..\SOATester.Modules.ContentModule\SOATester.Modules.ContentModule.csproj", "{4953B482-A55C-48D9-B7A1-DF54A05BC02B}"
EndProject
Project("{FAE04EC0-301F-11D3-BF4B-00C04F79EFBC}") = "Tests", "..\Tests\Tests.csproj", "{9B5ADD7B-0FF0-4EEA-9D40-50F19DFE962B}"
EndProject
Project("{FAE04EC0-301F-11D3-BF4B-00C04F79EFBC}") = "SOATester.Entities", "..\SOATester.Entities\SOATester.Entities.csproj", "{D592A1D1-19FB-4D7B-941B-2047B56BC005}"
EndProject
Project("{FAE04EC0-301F-11D3-BF4B-00C04F79EFBC}") = "SOATester.Infrastructure", "..\SOATester.Infrastructure\SOATester.Infrastructure.csproj", "{E9C6AA78-5973-4872-8DC2-1B94C39A787F}"
EndProject
Project("{FAE04EC0-301F-11D3-BF4B-00C04F79EFBC}") = "SOATester.RestCommunication", "..\SOATester.RestCommunication\SOATester.RestCommunication.csproj", "{65DC0BA4-A1C7-438C-B7F0-59343174E696}"
EndProject
Project("{FAE04EC0-301F-11D3-BF4B-00C04F79EFBC}") = "SOATester.SoapCommunication", "..\SOATester.SoapCommunication\SOATester.SoapCommunication.csproj", "{7709B137-CFB8-4138-B29B-BFC775DEC7C6}"
EndProject
Project("{FAE04EC0-301F-11D3-BF4B-00C04F79EFBC}") = "SOATester.DAL", "..\SOATester.DAL\SOATester.DAL.csproj", "{23B09E4C-57C5-46E6-9139-E231E440F1D8}"
EndProject
Project("{FAE04EC0-301F-11D3-BF4B-00C04F79EFBC}") = "SOATester.Repositories", "..\SOATester.Repositories\SOATester.Repositories.csproj", "{10003476-F69F-4643-A721-5F762447A4F1}"
EndProject
Project("{FAE04EC0-301F-11D3-BF4B-00C04F79EFBC}") = "SOATester.Modules.AppLoaderModule", "..\SOATester.Modules.AppLoaderModule\SOATester.Modules.AppLoaderModule.csproj", "{1AA83F68-801D-4F31-B1D4-63A010386CAC}"
EndProject
Global
	GlobalSection(SolutionConfigurationPlatforms) = preSolution
		Debug|Any CPU = Debug|Any CPU
		Debug|ARM = Debug|ARM
		Debug|x64 = Debug|x64
		Debug|x86 = Debug|x86
		Release|Any CPU = Release|Any CPU
		Release|ARM = Release|ARM
		Release|x64 = Release|x64
		Release|x86 = Release|x86
	EndGlobalSection
	GlobalSection(ProjectConfigurationPlatforms) = postSolution
		{0C6D8C3D-E19E-42E0-AEFA-82B483D0C8B2}.Debug|Any CPU.ActiveCfg = Debug|Any CPU
		{0C6D8C3D-E19E-42E0-AEFA-82B483D0C8B2}.Debug|Any CPU.Build.0 = Debug|Any CPU
		{0C6D8C3D-E19E-42E0-AEFA-82B483D0C8B2}.Debug|ARM.ActiveCfg = Debug|Any CPU
		{0C6D8C3D-E19E-42E0-AEFA-82B483D0C8B2}.Debug|ARM.Build.0 = Debug|Any CPU
		{0C6D8C3D-E19E-42E0-AEFA-82B483D0C8B2}.Debug|x64.ActiveCfg = Debug|Any CPU
		{0C6D8C3D-E19E-42E0-AEFA-82B483D0C8B2}.Debug|x64.Build.0 = Debug|Any CPU
		{0C6D8C3D-E19E-42E0-AEFA-82B483D0C8B2}.Debug|x86.ActiveCfg = Debug|Any CPU
		{0C6D8C3D-E19E-42E0-AEFA-82B483D0C8B2}.Debug|x86.Build.0 = Debug|Any CPU
		{0C6D8C3D-E19E-42E0-AEFA-82B483D0C8B2}.Release|Any CPU.ActiveCfg = Release|Any CPU
		{0C6D8C3D-E19E-42E0-AEFA-82B483D0C8B2}.Release|Any CPU.Build.0 = Release|Any CPU
		{0C6D8C3D-E19E-42E0-AEFA-82B483D0C8B2}.Release|ARM.ActiveCfg = Release|Any CPU
		{0C6D8C3D-E19E-42E0-AEFA-82B483D0C8B2}.Release|ARM.Build.0 = Release|Any CPU
		{0C6D8C3D-E19E-42E0-AEFA-82B483D0C8B2}.Release|x64.ActiveCfg = Release|Any CPU
		{0C6D8C3D-E19E-42E0-AEFA-82B483D0C8B2}.Release|x64.Build.0 = Release|Any CPU
		{0C6D8C3D-E19E-42E0-AEFA-82B483D0C8B2}.Release|x86.ActiveCfg = Release|Any CPU
		{0C6D8C3D-E19E-42E0-AEFA-82B483D0C8B2}.Release|x86.Build.0 = Release|Any CPU
		{DD231416-2B3F-4DD0-94E5-058D2AF1FBE8}.Debug|Any CPU.ActiveCfg = Debug|Any CPU
		{DD231416-2B3F-4DD0-94E5-058D2AF1FBE8}.Debug|Any CPU.Build.0 = Debug|Any CPU
		{DD231416-2B3F-4DD0-94E5-058D2AF1FBE8}.Debug|ARM.ActiveCfg = Debug|Any CPU
		{DD231416-2B3F-4DD0-94E5-058D2AF1FBE8}.Debug|ARM.Build.0 = Debug|Any CPU
		{DD231416-2B3F-4DD0-94E5-058D2AF1FBE8}.Debug|x64.ActiveCfg = Debug|Any CPU
		{DD231416-2B3F-4DD0-94E5-058D2AF1FBE8}.Debug|x64.Build.0 = Debug|Any CPU
		{DD231416-2B3F-4DD0-94E5-058D2AF1FBE8}.Debug|x86.ActiveCfg = Debug|Any CPU
		{DD231416-2B3F-4DD0-94E5-058D2AF1FBE8}.Debug|x86.Build.0 = Debug|Any CPU
		{DD231416-2B3F-4DD0-94E5-058D2AF1FBE8}.Release|Any CPU.ActiveCfg = Release|Any CPU
		{DD231416-2B3F-4DD0-94E5-058D2AF1FBE8}.Release|Any CPU.Build.0 = Release|Any CPU
		{DD231416-2B3F-4DD0-94E5-058D2AF1FBE8}.Release|ARM.ActiveCfg = Release|Any CPU
		{DD231416-2B3F-4DD0-94E5-058D2AF1FBE8}.Release|ARM.Build.0 = Release|Any CPU
		{DD231416-2B3F-4DD0-94E5-058D2AF1FBE8}.Release|x64.ActiveCfg = Release|Any CPU
		{DD231416-2B3F-4DD0-94E5-058D2AF1FBE8}.Release|x64.Build.0 = Release|Any CPU
		{DD231416-2B3F-4DD0-94E5-058D2AF1FBE8}.Release|x86.ActiveCfg = Release|Any CPU
		{DD231416-2B3F-4DD0-94E5-058D2AF1FBE8}.Release|x86.Build.0 = Release|Any CPU
		{F24D5157-7161-467F-A1AE-0DB461B22AAD}.Debug|Any CPU.ActiveCfg = Debug|Any CPU
		{F24D5157-7161-467F-A1AE-0DB461B22AAD}.Debug|Any CPU.Build.0 = Debug|Any CPU
		{F24D5157-7161-467F-A1AE-0DB461B22AAD}.Debug|ARM.ActiveCfg = Debug|Any CPU
		{F24D5157-7161-467F-A1AE-0DB461B22AAD}.Debug|ARM.Build.0 = Debug|Any CPU
		{F24D5157-7161-467F-A1AE-0DB461B22AAD}.Debug|x64.ActiveCfg = Debug|Any CPU
		{F24D5157-7161-467F-A1AE-0DB461B22AAD}.Debug|x64.Build.0 = Debug|Any CPU
		{F24D5157-7161-467F-A1AE-0DB461B22AAD}.Debug|x86.ActiveCfg = Debug|Any CPU
		{F24D5157-7161-467F-A1AE-0DB461B22AAD}.Debug|x86.Build.0 = Debug|Any CPU
		{F24D5157-7161-467F-A1AE-0DB461B22AAD}.Release|Any CPU.ActiveCfg = Release|Any CPU
		{F24D5157-7161-467F-A1AE-0DB461B22AAD}.Release|Any CPU.Build.0 = Release|Any CPU
		{F24D5157-7161-467F-A1AE-0DB461B22AAD}.Release|ARM.ActiveCfg = Release|Any CPU
		{F24D5157-7161-467F-A1AE-0DB461B22AAD}.Release|ARM.Build.0 = Release|Any CPU
		{F24D5157-7161-467F-A1AE-0DB461B22AAD}.Release|x64.ActiveCfg = Release|Any CPU
		{F24D5157-7161-467F-A1AE-0DB461B22AAD}.Release|x64.Build.0 = Release|Any CPU
		{F24D5157-7161-467F-A1AE-0DB461B22AAD}.Release|x86.ActiveCfg = Release|Any CPU
		{F24D5157-7161-467F-A1AE-0DB461B22AAD}.Release|x86.Build.0 = Release|Any CPU
		{4953B482-A55C-48D9-B7A1-DF54A05BC02B}.Debug|Any CPU.ActiveCfg = Debug|Any CPU
		{4953B482-A55C-48D9-B7A1-DF54A05BC02B}.Debug|Any CPU.Build.0 = Debug|Any CPU
		{4953B482-A55C-48D9-B7A1-DF54A05BC02B}.Debug|ARM.ActiveCfg = Debug|Any CPU
		{4953B482-A55C-48D9-B7A1-DF54A05BC02B}.Debug|ARM.Build.0 = Debug|Any CPU
		{4953B482-A55C-48D9-B7A1-DF54A05BC02B}.Debug|x64.ActiveCfg = Debug|Any CPU
		{4953B482-A55C-48D9-B7A1-DF54A05BC02B}.Debug|x64.Build.0 = Debug|Any CPU
		{4953B482-A55C-48D9-B7A1-DF54A05BC02B}.Debug|x86.ActiveCfg = Debug|Any CPU
		{4953B482-A55C-48D9-B7A1-DF54A05BC02B}.Debug|x86.Build.0 = Debug|Any CPU
		{4953B482-A55C-48D9-B7A1-DF54A05BC02B}.Release|Any CPU.ActiveCfg = Release|Any CPU
		{4953B482-A55C-48D9-B7A1-DF54A05BC02B}.Release|Any CPU.Build.0 = Release|Any CPU
		{4953B482-A55C-48D9-B7A1-DF54A05BC02B}.Release|ARM.ActiveCfg = Release|Any CPU
		{4953B482-A55C-48D9-B7A1-DF54A05BC02B}.Release|ARM.Build.0 = Release|Any CPU
		{4953B482-A55C-48D9-B7A1-DF54A05BC02B}.Release|x64.ActiveCfg = Release|Any CPU
		{4953B482-A55C-48D9-B7A1-DF54A05BC02B}.Release|x64.Build.0 = Release|Any CPU
		{4953B482-A55C-48D9-B7A1-DF54A05BC02B}.Release|x86.ActiveCfg = Release|Any CPU
		{4953B482-A55C-48D9-B7A1-DF54A05BC02B}.Release|x86.Build.0 = Release|Any CPU
		{9B5ADD7B-0FF0-4EEA-9D40-50F19DFE962B}.Debug|Any CPU.ActiveCfg = Debug|Any CPU
		{9B5ADD7B-0FF0-4EEA-9D40-50F19DFE962B}.Debug|Any CPU.Build.0 = Debug|Any CPU
		{9B5ADD7B-0FF0-4EEA-9D40-50F19DFE962B}.Debug|ARM.ActiveCfg = Debug|Any CPU
		{9B5ADD7B-0FF0-4EEA-9D40-50F19DFE962B}.Debug|ARM.Build.0 = Debug|Any CPU
		{9B5ADD7B-0FF0-4EEA-9D40-50F19DFE962B}.Debug|x64.ActiveCfg = Debug|Any CPU
		{9B5ADD7B-0FF0-4EEA-9D40-50F19DFE962B}.Debug|x64.Build.0 = Debug|Any CPU
		{9B5ADD7B-0FF0-4EEA-9D40-50F19DFE962B}.Debug|x86.ActiveCfg = Debug|Any CPU
		{9B5ADD7B-0FF0-4EEA-9D40-50F19DFE962B}.Debug|x86.Build.0 = Debug|Any CPU
		{9B5ADD7B-0FF0-4EEA-9D40-50F19DFE962B}.Release|Any CPU.ActiveCfg = Release|Any CPU
		{9B5ADD7B-0FF0-4EEA-9D40-50F19DFE962B}.Release|Any CPU.Build.0 = Release|Any CPU
		{9B5ADD7B-0FF0-4EEA-9D40-50F19DFE962B}.Release|ARM.ActiveCfg = Release|Any CPU
		{9B5ADD7B-0FF0-4EEA-9D40-50F19DFE962B}.Release|ARM.Build.0 = Release|Any CPU
		{9B5ADD7B-0FF0-4EEA-9D40-50F19DFE962B}.Release|x64.ActiveCfg = Release|Any CPU
		{9B5ADD7B-0FF0-4EEA-9D40-50F19DFE962B}.Release|x64.Build.0 = Release|Any CPU
		{9B5ADD7B-0FF0-4EEA-9D40-50F19DFE962B}.Release|x86.ActiveCfg = Release|Any CPU
		{9B5ADD7B-0FF0-4EEA-9D40-50F19DFE962B}.Release|x86.Build.0 = Release|Any CPU
		{D592A1D1-19FB-4D7B-941B-2047B56BC005}.Debug|Any CPU.ActiveCfg = Debug|Any CPU
		{D592A1D1-19FB-4D7B-941B-2047B56BC005}.Debug|Any CPU.Build.0 = Debug|Any CPU
		{D592A1D1-19FB-4D7B-941B-2047B56BC005}.Debug|ARM.ActiveCfg = Debug|Any CPU
		{D592A1D1-19FB-4D7B-941B-2047B56BC005}.Debug|ARM.Build.0 = Debug|Any CPU
		{D592A1D1-19FB-4D7B-941B-2047B56BC005}.Debug|x64.ActiveCfg = Debug|Any CPU
		{D592A1D1-19FB-4D7B-941B-2047B56BC005}.Debug|x64.Build.0 = Debug|Any CPU
		{D592A1D1-19FB-4D7B-941B-2047B56BC005}.Debug|x86.ActiveCfg = Debug|Any CPU
		{D592A1D1-19FB-4D7B-941B-2047B56BC005}.Debug|x86.Build.0 = Debug|Any CPU
		{D592A1D1-19FB-4D7B-941B-2047B56BC005}.Release|Any CPU.ActiveCfg = Release|Any CPU
		{D592A1D1-19FB-4D7B-941B-2047B56BC005}.Release|Any CPU.Build.0 = Release|Any CPU
		{D592A1D1-19FB-4D7B-941B-2047B56BC005}.Release|ARM.ActiveCfg = Release|Any CPU
		{D592A1D1-19FB-4D7B-941B-2047B56BC005}.Release|ARM.Build.0 = Release|Any CPU
		{D592A1D1-19FB-4D7B-941B-2047B56BC005}.Release|x64.ActiveCfg = Release|Any CPU
		{D592A1D1-19FB-4D7B-941B-2047B56BC005}.Release|x64.Build.0 = Release|Any CPU
		{D592A1D1-19FB-4D7B-941B-2047B56BC005}.Release|x86.ActiveCfg = Release|Any CPU
		{D592A1D1-19FB-4D7B-941B-2047B56BC005}.Release|x86.Build.0 = Release|Any CPU
		{E9C6AA78-5973-4872-8DC2-1B94C39A787F}.Debug|Any CPU.ActiveCfg = Debug|Any CPU
		{E9C6AA78-5973-4872-8DC2-1B94C39A787F}.Debug|Any CPU.Build.0 = Debug|Any CPU
		{E9C6AA78-5973-4872-8DC2-1B94C39A787F}.Debug|ARM.ActiveCfg = Debug|Any CPU
		{E9C6AA78-5973-4872-8DC2-1B94C39A787F}.Debug|ARM.Build.0 = Debug|Any CPU
		{E9C6AA78-5973-4872-8DC2-1B94C39A787F}.Debug|x64.ActiveCfg = Debug|Any CPU
		{E9C6AA78-5973-4872-8DC2-1B94C39A787F}.Debug|x64.Build.0 = Debug|Any CPU
		{E9C6AA78-5973-4872-8DC2-1B94C39A787F}.Debug|x86.ActiveCfg = Debug|Any CPU
		{E9C6AA78-5973-4872-8DC2-1B94C39A787F}.Debug|x86.Build.0 = Debug|Any CPU
		{E9C6AA78-5973-4872-8DC2-1B94C39A787F}.Release|Any CPU.ActiveCfg = Release|Any CPU
		{E9C6AA78-5973-4872-8DC2-1B94C39A787F}.Release|Any CPU.Build.0 = Release|Any CPU
		{E9C6AA78-5973-4872-8DC2-1B94C39A787F}.Release|ARM.ActiveCfg = Release|Any CPU
		{E9C6AA78-5973-4872-8DC2-1B94C39A787F}.Release|ARM.Build.0 = Release|Any CPU
		{E9C6AA78-5973-4872-8DC2-1B94C39A787F}.Release|x64.ActiveCfg = Release|Any CPU
		{E9C6AA78-5973-4872-8DC2-1B94C39A787F}.Release|x64.Build.0 = Release|Any CPU
		{E9C6AA78-5973-4872-8DC2-1B94C39A787F}.Release|x86.ActiveCfg = Release|Any CPU
		{E9C6AA78-5973-4872-8DC2-1B94C39A787F}.Release|x86.Build.0 = Release|Any CPU
		{65DC0BA4-A1C7-438C-B7F0-59343174E696}.Debug|Any CPU.ActiveCfg = Debug|Any CPU
		{65DC0BA4-A1C7-438C-B7F0-59343174E696}.Debug|Any CPU.Build.0 = Debug|Any CPU
		{65DC0BA4-A1C7-438C-B7F0-59343174E696}.Debug|ARM.ActiveCfg = Debug|Any CPU
		{65DC0BA4-A1C7-438C-B7F0-59343174E696}.Debug|ARM.Build.0 = Debug|Any CPU
		{65DC0BA4-A1C7-438C-B7F0-59343174E696}.Debug|x64.ActiveCfg = Debug|Any CPU
		{65DC0BA4-A1C7-438C-B7F0-59343174E696}.Debug|x64.Build.0 = Debug|Any CPU
		{65DC0BA4-A1C7-438C-B7F0-59343174E696}.Debug|x86.ActiveCfg = Debug|Any CPU
		{65DC0BA4-A1C7-438C-B7F0-59343174E696}.Debug|x86.Build.0 = Debug|Any CPU
		{65DC0BA4-A1C7-438C-B7F0-59343174E696}.Release|Any CPU.ActiveCfg = Release|Any CPU
		{65DC0BA4-A1C7-438C-B7F0-59343174E696}.Release|Any CPU.Build.0 = Release|Any CPU
		{65DC0BA4-A1C7-438C-B7F0-59343174E696}.Release|ARM.ActiveCfg = Release|Any CPU
		{65DC0BA4-A1C7-438C-B7F0-59343174E696}.Release|ARM.Build.0 = Release|Any CPU
		{65DC0BA4-A1C7-438C-B7F0-59343174E696}.Release|x64.ActiveCfg = Release|Any CPU
		{65DC0BA4-A1C7-438C-B7F0-59343174E696}.Release|x64.Build.0 = Release|Any CPU
		{65DC0BA4-A1C7-438C-B7F0-59343174E696}.Release|x86.ActiveCfg = Release|Any CPU
		{65DC0BA4-A1C7-438C-B7F0-59343174E696}.Release|x86.Build.0 = Release|Any CPU
		{7709B137-CFB8-4138-B29B-BFC775DEC7C6}.Debug|Any CPU.ActiveCfg = Debug|Any CPU
		{7709B137-CFB8-4138-B29B-BFC775DEC7C6}.Debug|Any CPU.Build.0 = Debug|Any CPU
		{7709B137-CFB8-4138-B29B-BFC775DEC7C6}.Debug|ARM.ActiveCfg = Debug|Any CPU
		{7709B137-CFB8-4138-B29B-BFC775DEC7C6}.Debug|ARM.Build.0 = Debug|Any CPU
		{7709B137-CFB8-4138-B29B-BFC775DEC7C6}.Debug|x64.ActiveCfg = Debug|Any CPU
		{7709B137-CFB8-4138-B29B-BFC775DEC7C6}.Debug|x64.Build.0 = Debug|Any CPU
		{7709B137-CFB8-4138-B29B-BFC775DEC7C6}.Debug|x86.ActiveCfg = Debug|Any CPU
		{7709B137-CFB8-4138-B29B-BFC775DEC7C6}.Debug|x86.Build.0 = Debug|Any CPU
		{7709B137-CFB8-4138-B29B-BFC775DEC7C6}.Release|Any CPU.ActiveCfg = Release|Any CPU
		{7709B137-CFB8-4138-B29B-BFC775DEC7C6}.Release|Any CPU.Build.0 = Release|Any CPU
		{7709B137-CFB8-4138-B29B-BFC775DEC7C6}.Release|ARM.ActiveCfg = Release|Any CPU
		{7709B137-CFB8-4138-B29B-BFC775DEC7C6}.Release|ARM.Build.0 = Release|Any CPU
		{7709B137-CFB8-4138-B29B-BFC775DEC7C6}.Release|x64.ActiveCfg = Release|Any CPU
		{7709B137-CFB8-4138-B29B-BFC775DEC7C6}.Release|x64.Build.0 = Release|Any CPU
		{7709B137-CFB8-4138-B29B-BFC775DEC7C6}.Release|x86.ActiveCfg = Release|Any CPU
		{7709B137-CFB8-4138-B29B-BFC775DEC7C6}.Release|x86.Build.0 = Release|Any CPU
		{23B09E4C-57C5-46E6-9139-E231E440F1D8}.Debug|Any CPU.ActiveCfg = Debug|Any CPU
		{23B09E4C-57C5-46E6-9139-E231E440F1D8}.Debug|Any CPU.Build.0 = Debug|Any CPU
		{23B09E4C-57C5-46E6-9139-E231E440F1D8}.Debug|ARM.ActiveCfg = Debug|Any CPU
		{23B09E4C-57C5-46E6-9139-E231E440F1D8}.Debug|ARM.Build.0 = Debug|Any CPU
		{23B09E4C-57C5-46E6-9139-E231E440F1D8}.Debug|x64.ActiveCfg = Debug|Any CPU
		{23B09E4C-57C5-46E6-9139-E231E440F1D8}.Debug|x64.Build.0 = Debug|Any CPU
		{23B09E4C-57C5-46E6-9139-E231E440F1D8}.Debug|x86.ActiveCfg = Debug|Any CPU
		{23B09E4C-57C5-46E6-9139-E231E440F1D8}.Debug|x86.Build.0 = Debug|Any CPU
		{23B09E4C-57C5-46E6-9139-E231E440F1D8}.Release|Any CPU.ActiveCfg = Release|Any CPU
		{23B09E4C-57C5-46E6-9139-E231E440F1D8}.Release|Any CPU.Build.0 = Release|Any CPU
		{23B09E4C-57C5-46E6-9139-E231E440F1D8}.Release|ARM.ActiveCfg = Release|Any CPU
		{23B09E4C-57C5-46E6-9139-E231E440F1D8}.Release|ARM.Build.0 = Release|Any CPU
		{23B09E4C-57C5-46E6-9139-E231E440F1D8}.Release|x64.ActiveCfg = Release|Any CPU
		{23B09E4C-57C5-46E6-9139-E231E440F1D8}.Release|x64.Build.0 = Release|Any CPU
		{23B09E4C-57C5-46E6-9139-E231E440F1D8}.Release|x86.ActiveCfg = Release|Any CPU
		{23B09E4C-57C5-46E6-9139-E231E440F1D8}.Release|x86.Build.0 = Release|Any CPU
		{10003476-F69F-4643-A721-5F762447A4F1}.Debug|Any CPU.ActiveCfg = Debug|Any CPU
		{10003476-F69F-4643-A721-5F762447A4F1}.Debug|Any CPU.Build.0 = Debug|Any CPU
		{10003476-F69F-4643-A721-5F762447A4F1}.Debug|ARM.ActiveCfg = Debug|Any CPU
		{10003476-F69F-4643-A721-5F762447A4F1}.Debug|ARM.Build.0 = Debug|Any CPU
		{10003476-F69F-4643-A721-5F762447A4F1}.Debug|x64.ActiveCfg = Debug|Any CPU
		{10003476-F69F-4643-A721-5F762447A4F1}.Debug|x64.Build.0 = Debug|Any CPU
		{10003476-F69F-4643-A721-5F762447A4F1}.Debug|x86.ActiveCfg = Debug|Any CPU
		{10003476-F69F-4643-A721-5F762447A4F1}.Debug|x86.Build.0 = Debug|Any CPU
		{10003476-F69F-4643-A721-5F762447A4F1}.Release|Any CPU.ActiveCfg = Release|Any CPU
		{10003476-F69F-4643-A721-5F762447A4F1}.Release|Any CPU.Build.0 = Release|Any CPU
		{10003476-F69F-4643-A721-5F762447A4F1}.Release|ARM.ActiveCfg = Release|Any CPU
		{10003476-F69F-4643-A721-5F762447A4F1}.Release|ARM.Build.0 = Release|Any CPU
		{10003476-F69F-4643-A721-5F762447A4F1}.Release|x64.ActiveCfg = Release|Any CPU
		{10003476-F69F-4643-A721-5F762447A4F1}.Release|x64.Build.0 = Release|Any CPU
		{10003476-F69F-4643-A721-5F762447A4F1}.Release|x86.ActiveCfg = Release|Any CPU
		{10003476-F69F-4643-A721-5F762447A4F1}.Release|x86.Build.0 = Release|Any CPU
		{1AA83F68-801D-4F31-B1D4-63A010386CAC}.Debug|Any CPU.ActiveCfg = Debug|Any CPU
		{1AA83F68-801D-4F31-B1D4-63A010386CAC}.Debug|Any CPU.Build.0 = Debug|Any CPU
		{1AA83F68-801D-4F31-B1D4-63A010386CAC}.Debug|ARM.ActiveCfg = Debug|Any CPU
		{1AA83F68-801D-4F31-B1D4-63A010386CAC}.Debug|ARM.Build.0 = Debug|Any CPU
		{1AA83F68-801D-4F31-B1D4-63A010386CAC}.Debug|x64.ActiveCfg = Debug|Any CPU
		{1AA83F68-801D-4F31-B1D4-63A010386CAC}.Debug|x64.Build.0 = Debug|Any CPU
		{1AA83F68-801D-4F31-B1D4-63A010386CAC}.Debug|x86.ActiveCfg = Debug|Any CPU
		{1AA83F68-801D-4F31-B1D4-63A010386CAC}.Debug|x86.Build.0 = Debug|Any CPU
		{1AA83F68-801D-4F31-B1D4-63A010386CAC}.Release|Any CPU.ActiveCfg = Release|Any CPU
		{1AA83F68-801D-4F31-B1D4-63A010386CAC}.Release|Any CPU.Build.0 = Release|Any CPU
		{1AA83F68-801D-4F31-B1D4-63A010386CAC}.Release|ARM.ActiveCfg = Release|Any CPU
		{1AA83F68-801D-4F31-B1D4-63A010386CAC}.Release|ARM.Build.0 = Release|Any CPU
		{1AA83F68-801D-4F31-B1D4-63A010386CAC}.Release|x64.ActiveCfg = Release|Any CPU
		{1AA83F68-801D-4F31-B1D4-63A010386CAC}.Release|x64.Build.0 = Release|Any CPU
		{1AA83F68-801D-4F31-B1D4-63A010386CAC}.Release|x86.ActiveCfg = Release|Any CPU
		{1AA83F68-801D-4F31-B1D4-63A010386CAC}.Release|x86.Build.0 = Release|Any CPU
	EndGlobalSection
	GlobalSection(SolutionProperties) = preSolution
		HideSolutionNode = FALSE
	EndGlobalSection
	GlobalSection(NestedProjects) = preSolution
		{DD231416-2B3F-4DD0-94E5-058D2AF1FBE8} = {61274840-3A28-4F0F-855E-FB1E387E9FE9}
		{F24D5157-7161-467F-A1AE-0DB461B22AAD} = {61274840-3A28-4F0F-855E-FB1E387E9FE9}
		{4953B482-A55C-48D9-B7A1-DF54A05BC02B} = {61274840-3A28-4F0F-855E-FB1E387E9FE9}
		{1AA83F68-801D-4F31-B1D4-63A010386CAC} = {61274840-3A28-4F0F-855E-FB1E387E9FE9}
	EndGlobalSection
EndGlobal
